// !$*UTF8*$!
{
	archiveVersion = 1;
	classes = {
	};
	objectVersion = 51;
	objects = {

/* Begin PBXBuildFile section */
		4456381405E4FFD598AFA0E8 /* Pods_flixster_flixsterUITests.framework in Frameworks */ = {isa = PBXBuildFile; fileRef = D66D730C805E779C8AAC1317 /* Pods_flixster_flixsterUITests.framework */; };
		BD4E4EEF24FC1438001AC98C /* AppDelegate.swift in Sources */ = {isa = PBXBuildFile; fileRef = BD4E4EEE24FC1438001AC98C /* AppDelegate.swift */; };
		BD4E4EF124FC1438001AC98C /* SceneDelegate.swift in Sources */ = {isa = PBXBuildFile; fileRef = BD4E4EF024FC1438001AC98C /* SceneDelegate.swift */; };
		BD4E4EF624FC1438001AC98C /* Main.storyboard in Resources */ = {isa = PBXBuildFile; fileRef = BD4E4EF424FC1438001AC98C /* Main.storyboard */; };
		BD4E4EF824FC1439001AC98C /* Assets.xcassets in Resources */ = {isa = PBXBuildFile; fileRef = BD4E4EF724FC1439001AC98C /* Assets.xcassets */; };
		BD4E4EFB24FC1439001AC98C /* LaunchScreen.storyboard in Resources */ = {isa = PBXBuildFile; fileRef = BD4E4EF924FC1439001AC98C /* LaunchScreen.storyboard */; };
		BD4E4F0624FC1439001AC98C /* flixsterTests.swift in Sources */ = {isa = PBXBuildFile; fileRef = BD4E4F0524FC1439001AC98C /* flixsterTests.swift */; };
		BD4E4F1124FC1439001AC98C /* flixsterUITests.swift in Sources */ = {isa = PBXBuildFile; fileRef = BD4E4F1024FC1439001AC98C /* flixsterUITests.swift */; };
		BD4E4F1F24FC15E3001AC98C /* MoviesViewController.swift in Sources */ = {isa = PBXBuildFile; fileRef = BD4E4F1E24FC15E3001AC98C /* MoviesViewController.swift */; };
		BD4E4F2124FC24A3001AC98C /* MovieCell.swift in Sources */ = {isa = PBXBuildFile; fileRef = BD4E4F2024FC24A3001AC98C /* MovieCell.swift */; };
		BD84251D2509C8E900DF80BC /* MovieDetailsViewController.swift in Sources */ = {isa = PBXBuildFile; fileRef = BD84251C2509C8E900DF80BC /* MovieDetailsViewController.swift */; };
		BD84251F2509D60A00DF80BC /* MovieGridViewController.swift in Sources */ = {isa = PBXBuildFile; fileRef = BD84251E2509D60A00DF80BC /* MovieGridViewController.swift */; };
		BD8425212509DDD100DF80BC /* MovieGridCell.swift in Sources */ = {isa = PBXBuildFile; fileRef = BD8425202509DDD100DF80BC /* MovieGridCell.swift */; };
		C02C762761407E393DAEB5EE /* Pods_flixsterTests.framework in Frameworks */ = {isa = PBXBuildFile; fileRef = 4964595A58EB320B2C1B3573 /* Pods_flixsterTests.framework */; };
		C381255B28383EF5EC950D9F /* Pods_flixster.framework in Frameworks */ = {isa = PBXBuildFile; fileRef = DB0A5272C8AFD46547BD7675 /* Pods_flixster.framework */; };
/* End PBXBuildFile section */

/* Begin PBXContainerItemProxy section */
		BD4E4F0224FC1439001AC98C /* PBXContainerItemProxy */ = {
			isa = PBXContainerItemProxy;
			containerPortal = BD4E4EE324FC1438001AC98C /* Project object */;
			proxyType = 1;
			remoteGlobalIDString = BD4E4EEA24FC1438001AC98C;
			remoteInfo = flixster;
		};
		BD4E4F0D24FC1439001AC98C /* PBXContainerItemProxy */ = {
			isa = PBXContainerItemProxy;
			containerPortal = BD4E4EE324FC1438001AC98C /* Project object */;
			proxyType = 1;
			remoteGlobalIDString = BD4E4EEA24FC1438001AC98C;
			remoteInfo = flixster;
		};
/* End PBXContainerItemProxy section */

/* Begin PBXFileReference section */
		2ACB4AA58EA9A2D04F39100E /* Pods-flixster-flixsterUITests.release.xcconfig */ = {isa = PBXFileReference; includeInIndex = 1; lastKnownFileType = text.xcconfig; name = "Pods-flixster-flixsterUITests.release.xcconfig"; path = "Target Support Files/Pods-flixster-flixsterUITests/Pods-flixster-flixsterUITests.release.xcconfig"; sourceTree = "<group>"; };
		4964595A58EB320B2C1B3573 /* Pods_flixsterTests.framework */ = {isa = PBXFileReference; explicitFileType = wrapper.framework; includeInIndex = 0; path = Pods_flixsterTests.framework; sourceTree = BUILT_PRODUCTS_DIR; };
		99C30B317A01885DDB1498A5 /* Pods-flixsterTests.release.xcconfig */ = {isa = PBXFileReference; includeInIndex = 1; lastKnownFileType = text.xcconfig; name = "Pods-flixsterTests.release.xcconfig"; path = "Target Support Files/Pods-flixsterTests/Pods-flixsterTests.release.xcconfig"; sourceTree = "<group>"; };
		BD4E4EEB24FC1438001AC98C /* flixster.app */ = {isa = PBXFileReference; explicitFileType = wrapper.application; includeInIndex = 0; path = flixster.app; sourceTree = BUILT_PRODUCTS_DIR; };
		BD4E4EEE24FC1438001AC98C /* AppDelegate.swift */ = {isa = PBXFileReference; lastKnownFileType = sourcecode.swift; path = AppDelegate.swift; sourceTree = "<group>"; };
		BD4E4EF024FC1438001AC98C /* SceneDelegate.swift */ = {isa = PBXFileReference; lastKnownFileType = sourcecode.swift; path = SceneDelegate.swift; sourceTree = "<group>"; };
		BD4E4EF524FC1438001AC98C /* Base */ = {isa = PBXFileReference; lastKnownFileType = file.storyboard; name = Base; path = Base.lproj/Main.storyboard; sourceTree = "<group>"; };
		BD4E4EF724FC1439001AC98C /* Assets.xcassets */ = {isa = PBXFileReference; lastKnownFileType = folder.assetcatalog; path = Assets.xcassets; sourceTree = "<group>"; };
		BD4E4EFA24FC1439001AC98C /* Base */ = {isa = PBXFileReference; lastKnownFileType = file.storyboard; name = Base; path = Base.lproj/LaunchScreen.storyboard; sourceTree = "<group>"; };
		BD4E4EFC24FC1439001AC98C /* Info.plist */ = {isa = PBXFileReference; lastKnownFileType = text.plist.xml; path = Info.plist; sourceTree = "<group>"; };
		BD4E4F0124FC1439001AC98C /* flixsterTests.xctest */ = {isa = PBXFileReference; explicitFileType = wrapper.cfbundle; includeInIndex = 0; path = flixsterTests.xctest; sourceTree = BUILT_PRODUCTS_DIR; };
		BD4E4F0524FC1439001AC98C /* flixsterTests.swift */ = {isa = PBXFileReference; lastKnownFileType = sourcecode.swift; path = flixsterTests.swift; sourceTree = "<group>"; };
		BD4E4F0724FC1439001AC98C /* Info.plist */ = {isa = PBXFileReference; lastKnownFileType = text.plist.xml; path = Info.plist; sourceTree = "<group>"; };
		BD4E4F0C24FC1439001AC98C /* flixsterUITests.xctest */ = {isa = PBXFileReference; explicitFileType = wrapper.cfbundle; includeInIndex = 0; path = flixsterUITests.xctest; sourceTree = BUILT_PRODUCTS_DIR; };
		BD4E4F1024FC1439001AC98C /* flixsterUITests.swift */ = {isa = PBXFileReference; lastKnownFileType = sourcecode.swift; path = flixsterUITests.swift; sourceTree = "<group>"; };
		BD4E4F1224FC1439001AC98C /* Info.plist */ = {isa = PBXFileReference; lastKnownFileType = text.plist.xml; path = Info.plist; sourceTree = "<group>"; };
		BD4E4F1E24FC15E3001AC98C /* MoviesViewController.swift */ = {isa = PBXFileReference; lastKnownFileType = sourcecode.swift; path = MoviesViewController.swift; sourceTree = "<group>"; };
		BD4E4F2024FC24A3001AC98C /* MovieCell.swift */ = {isa = PBXFileReference; lastKnownFileType = sourcecode.swift; path = MovieCell.swift; sourceTree = "<group>"; };
		BD84251C2509C8E900DF80BC /* MovieDetailsViewController.swift */ = {isa = PBXFileReference; lastKnownFileType = sourcecode.swift; path = MovieDetailsViewController.swift; sourceTree = "<group>"; };
		BD84251E2509D60A00DF80BC /* MovieGridViewController.swift */ = {isa = PBXFileReference; lastKnownFileType = sourcecode.swift; path = MovieGridViewController.swift; sourceTree = "<group>"; };
		BD8425202509DDD100DF80BC /* MovieGridCell.swift */ = {isa = PBXFileReference; lastKnownFileType = sourcecode.swift; path = MovieGridCell.swift; sourceTree = "<group>"; };
		D401F410033B51D66D6000DC /* Pods-flixsterTests.debug.xcconfig */ = {isa = PBXFileReference; includeInIndex = 1; lastKnownFileType = text.xcconfig; name = "Pods-flixsterTests.debug.xcconfig"; path = "Target Support Files/Pods-flixsterTests/Pods-flixsterTests.debug.xcconfig"; sourceTree = "<group>"; };
		D66D730C805E779C8AAC1317 /* Pods_flixster_flixsterUITests.framework */ = {isa = PBXFileReference; explicitFileType = wrapper.framework; includeInIndex = 0; path = Pods_flixster_flixsterUITests.framework; sourceTree = BUILT_PRODUCTS_DIR; };
		D770D1D0AB29144694D4055F /* Pods-flixster-flixsterUITests.debug.xcconfig */ = {isa = PBXFileReference; includeInIndex = 1; lastKnownFileType = text.xcconfig; name = "Pods-flixster-flixsterUITests.debug.xcconfig"; path = "Target Support Files/Pods-flixster-flixsterUITests/Pods-flixster-flixsterUITests.debug.xcconfig"; sourceTree = "<group>"; };
		DB0A5272C8AFD46547BD7675 /* Pods_flixster.framework */ = {isa = PBXFileReference; explicitFileType = wrapper.framework; includeInIndex = 0; path = Pods_flixster.framework; sourceTree = BUILT_PRODUCTS_DIR; };
		DC99053AD69864760B3668AB /* Pods-flixster.debug.xcconfig */ = {isa = PBXFileReference; includeInIndex = 1; lastKnownFileType = text.xcconfig; name = "Pods-flixster.debug.xcconfig"; path = "Target Support Files/Pods-flixster/Pods-flixster.debug.xcconfig"; sourceTree = "<group>"; };
		E51F13441F98A626B1D468D6 /* Pods-flixster.release.xcconfig */ = {isa = PBXFileReference; includeInIndex = 1; lastKnownFileType = text.xcconfig; name = "Pods-flixster.release.xcconfig"; path = "Target Support Files/Pods-flixster/Pods-flixster.release.xcconfig"; sourceTree = "<group>"; };
/* End PBXFileReference section */

/* Begin PBXFrameworksBuildPhase section */
		BD4E4EE824FC1438001AC98C /* Frameworks */ = {
			isa = PBXFrameworksBuildPhase;
			buildActionMask = 2147483647;
			files = (
				C381255B28383EF5EC950D9F /* Pods_flixster.framework in Frameworks */,
			);
			runOnlyForDeploymentPostprocessing = 0;
		};
		BD4E4EFE24FC1439001AC98C /* Frameworks */ = {
			isa = PBXFrameworksBuildPhase;
			buildActionMask = 2147483647;
			files = (
				C02C762761407E393DAEB5EE /* Pods_flixsterTests.framework in Frameworks */,
			);
			runOnlyForDeploymentPostprocessing = 0;
		};
		BD4E4F0924FC1439001AC98C /* Frameworks */ = {
			isa = PBXFrameworksBuildPhase;
			buildActionMask = 2147483647;
			files = (
				4456381405E4FFD598AFA0E8 /* Pods_flixster_flixsterUITests.framework in Frameworks */,
			);
			runOnlyForDeploymentPostprocessing = 0;
		};
/* End PBXFrameworksBuildPhase section */

/* Begin PBXGroup section */
		1EF627B1EC59E12EB6EFBE75 /* Pods */ = {
			isa = PBXGroup;
			children = (
				DC99053AD69864760B3668AB /* Pods-flixster.debug.xcconfig */,
				E51F13441F98A626B1D468D6 /* Pods-flixster.release.xcconfig */,
				D770D1D0AB29144694D4055F /* Pods-flixster-flixsterUITests.debug.xcconfig */,
				2ACB4AA58EA9A2D04F39100E /* Pods-flixster-flixsterUITests.release.xcconfig */,
				D401F410033B51D66D6000DC /* Pods-flixsterTests.debug.xcconfig */,
				99C30B317A01885DDB1498A5 /* Pods-flixsterTests.release.xcconfig */,
			);
			path = Pods;
			sourceTree = "<group>";
		};
		BD4E4EE224FC1438001AC98C = {
			isa = PBXGroup;
			children = (
				BD4E4EED24FC1438001AC98C /* flixster */,
				BD4E4F0424FC1439001AC98C /* flixsterTests */,
				BD4E4F0F24FC1439001AC98C /* flixsterUITests */,
				BD4E4EEC24FC1438001AC98C /* Products */,
				1EF627B1EC59E12EB6EFBE75 /* Pods */,
				C2BA982084ED2B133D6F12D5 /* Frameworks */,
			);
			sourceTree = "<group>";
		};
		BD4E4EEC24FC1438001AC98C /* Products */ = {
			isa = PBXGroup;
			children = (
				BD4E4EEB24FC1438001AC98C /* flixster.app */,
				BD4E4F0124FC1439001AC98C /* flixsterTests.xctest */,
				BD4E4F0C24FC1439001AC98C /* flixsterUITests.xctest */,
			);
			name = Products;
			sourceTree = "<group>";
		};
		BD4E4EED24FC1438001AC98C /* flixster */ = {
			isa = PBXGroup;
			children = (
				BD4E4EEE24FC1438001AC98C /* AppDelegate.swift */,
				BD4E4EF024FC1438001AC98C /* SceneDelegate.swift */,
				BD4E4EF424FC1438001AC98C /* Main.storyboard */,
				BD4E4EF724FC1439001AC98C /* Assets.xcassets */,
				BD4E4EF924FC1439001AC98C /* LaunchScreen.storyboard */,
				BD4E4EFC24FC1439001AC98C /* Info.plist */,
				BD4E4F1E24FC15E3001AC98C /* MoviesViewController.swift */,
				BD4E4F2024FC24A3001AC98C /* MovieCell.swift */,
				BD84251C2509C8E900DF80BC /* MovieDetailsViewController.swift */,
				BD84251E2509D60A00DF80BC /* MovieGridViewController.swift */,
				BD8425202509DDD100DF80BC /* MovieGridCell.swift */,
			);
			path = flixster;
			sourceTree = "<group>";
		};
		BD4E4F0424FC1439001AC98C /* flixsterTests */ = {
			isa = PBXGroup;
			children = (
				BD4E4F0524FC1439001AC98C /* flixsterTests.swift */,
				BD4E4F0724FC1439001AC98C /* Info.plist */,
			);
			path = flixsterTests;
			sourceTree = "<group>";
		};
		BD4E4F0F24FC1439001AC98C /* flixsterUITests */ = {
			isa = PBXGroup;
			children = (
				BD4E4F1024FC1439001AC98C /* flixsterUITests.swift */,
				BD4E4F1224FC1439001AC98C /* Info.plist */,
			);
			path = flixsterUITests;
			sourceTree = "<group>";
		};
		C2BA982084ED2B133D6F12D5 /* Frameworks */ = {
			isa = PBXGroup;
			children = (
				DB0A5272C8AFD46547BD7675 /* Pods_flixster.framework */,
				D66D730C805E779C8AAC1317 /* Pods_flixster_flixsterUITests.framework */,
				4964595A58EB320B2C1B3573 /* Pods_flixsterTests.framework */,
			);
			name = Frameworks;
			sourceTree = "<group>";
		};
/* End PBXGroup section */

/* Begin PBXNativeTarget section */
		BD4E4EEA24FC1438001AC98C /* flixster */ = {
			isa = PBXNativeTarget;
			buildConfigurationList = BD4E4F1524FC1439001AC98C /* Build configuration list for PBXNativeTarget "flixster" */;
			buildPhases = (
				3F7BF8E227D2E4FEFDABF675 /* [CP] Check Pods Manifest.lock */,
				BD4E4EE724FC1438001AC98C /* Sources */,
				BD4E4EE824FC1438001AC98C /* Frameworks */,
				BD4E4EE924FC1438001AC98C /* Resources */,
				14584F6CB55CCBF331B38106 /* [CP] Embed Pods Frameworks */,
			);
			buildRules = (
			);
			dependencies = (
			);
			name = flixster;
			productName = flixster;
			productReference = BD4E4EEB24FC1438001AC98C /* flixster.app */;
			productType = "com.apple.product-type.application";
		};
		BD4E4F0024FC1439001AC98C /* flixsterTests */ = {
			isa = PBXNativeTarget;
			buildConfigurationList = BD4E4F1824FC1439001AC98C /* Build configuration list for PBXNativeTarget "flixsterTests" */;
			buildPhases = (
				097AFF04706038F6359E4EF9 /* [CP] Check Pods Manifest.lock */,
				BD4E4EFD24FC1439001AC98C /* Sources */,
				BD4E4EFE24FC1439001AC98C /* Frameworks */,
				BD4E4EFF24FC1439001AC98C /* Resources */,
			);
			buildRules = (
			);
			dependencies = (
				BD4E4F0324FC1439001AC98C /* PBXTargetDependency */,
			);
			name = flixsterTests;
			productName = flixsterTests;
			productReference = BD4E4F0124FC1439001AC98C /* flixsterTests.xctest */;
			productType = "com.apple.product-type.bundle.unit-test";
		};
		BD4E4F0B24FC1439001AC98C /* flixsterUITests */ = {
			isa = PBXNativeTarget;
			buildConfigurationList = BD4E4F1B24FC1439001AC98C /* Build configuration list for PBXNativeTarget "flixsterUITests" */;
			buildPhases = (
				35CB68565931035E3B150FF3 /* [CP] Check Pods Manifest.lock */,
				BD4E4F0824FC1439001AC98C /* Sources */,
				BD4E4F0924FC1439001AC98C /* Frameworks */,
				BD4E4F0A24FC1439001AC98C /* Resources */,
				162A4C7481C9FD09B6F7FB82 /* [CP] Embed Pods Frameworks */,
			);
			buildRules = (
			);
			dependencies = (
				BD4E4F0E24FC1439001AC98C /* PBXTargetDependency */,
			);
			name = flixsterUITests;
			productName = flixsterUITests;
			productReference = BD4E4F0C24FC1439001AC98C /* flixsterUITests.xctest */;
			productType = "com.apple.product-type.bundle.ui-testing";
		};
/* End PBXNativeTarget section */

/* Begin PBXProject section */
		BD4E4EE324FC1438001AC98C /* Project object */ = {
			isa = PBXProject;
			attributes = {
				LastSwiftUpdateCheck = 1160;
				LastUpgradeCheck = 1160;
				ORGANIZATIONNAME = "Abhay Naik (CodePath)";
				TargetAttributes = {
					BD4E4EEA24FC1438001AC98C = {
						CreatedOnToolsVersion = 11.6;
					};
					BD4E4F0024FC1439001AC98C = {
						CreatedOnToolsVersion = 11.6;
						TestTargetID = BD4E4EEA24FC1438001AC98C;
					};
					BD4E4F0B24FC1439001AC98C = {
						CreatedOnToolsVersion = 11.6;
						TestTargetID = BD4E4EEA24FC1438001AC98C;
					};
				};
			};
			buildConfigurationList = BD4E4EE624FC1438001AC98C /* Build configuration list for PBXProject "flixster" */;
			compatibilityVersion = "Xcode 9.3";
			developmentRegion = en;
			hasScannedForEncodings = 0;
			knownRegions = (
				en,
				Base,
			);
			mainGroup = BD4E4EE224FC1438001AC98C;
			productRefGroup = BD4E4EEC24FC1438001AC98C /* Products */;
			projectDirPath = "";
			projectRoot = "";
			targets = (
				BD4E4EEA24FC1438001AC98C /* flixster */,
				BD4E4F0024FC1439001AC98C /* flixsterTests */,
				BD4E4F0B24FC1439001AC98C /* flixsterUITests */,
			);
		};
/* End PBXProject section */

/* Begin PBXResourcesBuildPhase section */
		BD4E4EE924FC1438001AC98C /* Resources */ = {
			isa = PBXResourcesBuildPhase;
			buildActionMask = 2147483647;
			files = (
				BD4E4EFB24FC1439001AC98C /* LaunchScreen.storyboard in Resources */,
				BD4E4EF824FC1439001AC98C /* Assets.xcassets in Resources */,
				BD4E4EF624FC1438001AC98C /* Main.storyboard in Resources */,
			);
			runOnlyForDeploymentPostprocessing = 0;
		};
		BD4E4EFF24FC1439001AC98C /* Resources */ = {
			isa = PBXResourcesBuildPhase;
			buildActionMask = 2147483647;
			files = (
			);
			runOnlyForDeploymentPostprocessing = 0;
		};
		BD4E4F0A24FC1439001AC98C /* Resources */ = {
			isa = PBXResourcesBuildPhase;
			buildActionMask = 2147483647;
			files = (
			);
			runOnlyForDeploymentPostprocessing = 0;
		};
/* End PBXResourcesBuildPhase section */

/* Begin PBXShellScriptBuildPhase section */
		097AFF04706038F6359E4EF9 /* [CP] Check Pods Manifest.lock */ = {
			isa = PBXShellScriptBuildPhase;
			buildActionMask = 2147483647;
			files = (
			);
			inputFileListPaths = (
			);
			inputPaths = (
				"${PODS_PODFILE_DIR_PATH}/Podfile.lock",
				"${PODS_ROOT}/Manifest.lock",
			);
			name = "[CP] Check Pods Manifest.lock";
			outputFileListPaths = (
			);
			outputPaths = (
				"$(DERIVED_FILE_DIR)/Pods-flixsterTests-checkManifestLockResult.txt",
			);
			runOnlyForDeploymentPostprocessing = 0;
			shellPath = /bin/sh;
			shellScript = "diff \"${PODS_PODFILE_DIR_PATH}/Podfile.lock\" \"${PODS_ROOT}/Manifest.lock\" > /dev/null\nif [ $? != 0 ] ; then\n    # print error to STDERR\n    echo \"error: The sandbox is not in sync with the Podfile.lock. Run 'pod install' or update your CocoaPods installation.\" >&2\n    exit 1\nfi\n# This output is used by Xcode 'outputs' to avoid re-running this script phase.\necho \"SUCCESS\" > \"${SCRIPT_OUTPUT_FILE_0}\"\n";
			showEnvVarsInLog = 0;
		};
		14584F6CB55CCBF331B38106 /* [CP] Embed Pods Frameworks */ = {
			isa = PBXShellScriptBuildPhase;
			buildActionMask = 2147483647;
			files = (
			);
			inputFileListPaths = (
				"${PODS_ROOT}/Target Support Files/Pods-flixster/Pods-flixster-frameworks-${CONFIGURATION}-input-files.xcfilelist",
			);
			name = "[CP] Embed Pods Frameworks";
			outputFileListPaths = (
				"${PODS_ROOT}/Target Support Files/Pods-flixster/Pods-flixster-frameworks-${CONFIGURATION}-output-files.xcfilelist",
			);
			runOnlyForDeploymentPostprocessing = 0;
			shellPath = /bin/sh;
			shellScript = "\"${PODS_ROOT}/Target Support Files/Pods-flixster/Pods-flixster-frameworks.sh\"\n";
			showEnvVarsInLog = 0;
		};
		162A4C7481C9FD09B6F7FB82 /* [CP] Embed Pods Frameworks */ = {
			isa = PBXShellScriptBuildPhase;
			buildActionMask = 2147483647;
			files = (
			);
			inputFileListPaths = (
				"${PODS_ROOT}/Target Support Files/Pods-flixster-flixsterUITests/Pods-flixster-flixsterUITests-frameworks-${CONFIGURATION}-input-files.xcfilelist",
			);
			name = "[CP] Embed Pods Frameworks";
			outputFileListPaths = (
				"${PODS_ROOT}/Target Support Files/Pods-flixster-flixsterUITests/Pods-flixster-flixsterUITests-frameworks-${CONFIGURATION}-output-files.xcfilelist",
			);
			runOnlyForDeploymentPostprocessing = 0;
			shellPath = /bin/sh;
			shellScript = "\"${PODS_ROOT}/Target Support Files/Pods-flixster-flixsterUITests/Pods-flixster-flixsterUITests-frameworks.sh\"\n";
			showEnvVarsInLog = 0;
		};
		35CB68565931035E3B150FF3 /* [CP] Check Pods Manifest.lock */ = {
			isa = PBXShellScriptBuildPhase;
			buildActionMask = 2147483647;
			files = (
			);
			inputFileListPaths = (
			);
			inputPaths = (
				"${PODS_PODFILE_DIR_PATH}/Podfile.lock",
				"${PODS_ROOT}/Manifest.lock",
			);
			name = "[CP] Check Pods Manifest.lock";
			outputFileListPaths = (
			);
			outputPaths = (
				"$(DERIVED_FILE_DIR)/Pods-flixster-flixsterUITests-checkManifestLockResult.txt",
			);
			runOnlyForDeploymentPostprocessing = 0;
			shellPath = /bin/sh;
			shellScript = "diff \"${PODS_PODFILE_DIR_PATH}/Podfile.lock\" \"${PODS_ROOT}/Manifest.lock\" > /dev/null\nif [ $? != 0 ] ; then\n    # print error to STDERR\n    echo \"error: The sandbox is not in sync with the Podfile.lock. Run 'pod install' or update your CocoaPods installation.\" >&2\n    exit 1\nfi\n# This output is used by Xcode 'outputs' to avoid re-running this script phase.\necho \"SUCCESS\" > \"${SCRIPT_OUTPUT_FILE_0}\"\n";
			showEnvVarsInLog = 0;
		};
		3F7BF8E227D2E4FEFDABF675 /* [CP] Check Pods Manifest.lock */ = {
			isa = PBXShellScriptBuildPhase;
			buildActionMask = 2147483647;
			files = (
			);
			inputFileListPaths = (
			);
			inputPaths = (
				"${PODS_PODFILE_DIR_PATH}/Podfile.lock",
				"${PODS_ROOT}/Manifest.lock",
			);
			name = "[CP] Check Pods Manifest.lock";
			outputFileListPaths = (
			);
			outputPaths = (
				"$(DERIVED_FILE_DIR)/Pods-flixster-checkManifestLockResult.txt",
			);
			runOnlyForDeploymentPostprocessing = 0;
			shellPath = /bin/sh;
			shellScript = "diff \"${PODS_PODFILE_DIR_PATH}/Podfile.lock\" \"${PODS_ROOT}/Manifest.lock\" > /dev/null\nif [ $? != 0 ] ; then\n    # print error to STDERR\n    echo \"error: The sandbox is not in sync with the Podfile.lock. Run 'pod install' or update your CocoaPods installation.\" >&2\n    exit 1\nfi\n# This output is used by Xcode 'outputs' to avoid re-running this script phase.\necho \"SUCCESS\" > \"${SCRIPT_OUTPUT_FILE_0}\"\n";
			showEnvVarsInLog = 0;
		};
/* End PBXShellScriptBuildPhase section */

/* Begin PBXSourcesBuildPhase section */
		BD4E4EE724FC1438001AC98C /* Sources */ = {
			isa = PBXSourcesBuildPhase;
			buildActionMask = 2147483647;
			files = (
				BD84251D2509C8E900DF80BC /* MovieDetailsViewController.swift in Sources */,
				BD4E4EEF24FC1438001AC98C /* AppDelegate.swift in Sources */,
				BD4E4EF124FC1438001AC98C /* SceneDelegate.swift in Sources */,
				BD4E4F2124FC24A3001AC98C /* MovieCell.swift in Sources */,
				BD4E4F1F24FC15E3001AC98C /* MoviesViewController.swift in Sources */,
				BD84251F2509D60A00DF80BC /* MovieGridViewController.swift in Sources */,
				BD8425212509DDD100DF80BC /* MovieGridCell.swift in Sources */,
			);
			runOnlyForDeploymentPostprocessing = 0;
		};
		BD4E4EFD24FC1439001AC98C /* Sources */ = {
			isa = PBXSourcesBuildPhase;
			buildActionMask = 2147483647;
			files = (
				BD4E4F0624FC1439001AC98C /* flixsterTests.swift in Sources */,
			);
			runOnlyForDeploymentPostprocessing = 0;
		};
		BD4E4F0824FC1439001AC98C /* Sources */ = {
			isa = PBXSourcesBuildPhase;
			buildActionMask = 2147483647;
			files = (
				BD4E4F1124FC1439001AC98C /* flixsterUITests.swift in Sources */,
			);
			runOnlyForDeploymentPostprocessing = 0;
		};
/* End PBXSourcesBuildPhase section */

/* Begin PBXTargetDependency section */
		BD4E4F0324FC1439001AC98C /* PBXTargetDependency */ = {
			isa = PBXTargetDependency;
			target = BD4E4EEA24FC1438001AC98C /* flixster */;
			targetProxy = BD4E4F0224FC1439001AC98C /* PBXContainerItemProxy */;
		};
		BD4E4F0E24FC1439001AC98C /* PBXTargetDependency */ = {
			isa = PBXTargetDependency;
			target = BD4E4EEA24FC1438001AC98C /* flixster */;
			targetProxy = BD4E4F0D24FC1439001AC98C /* PBXContainerItemProxy */;
		};
/* End PBXTargetDependency section */

/* Begin PBXVariantGroup section */
		BD4E4EF424FC1438001AC98C /* Main.storyboard */ = {
			isa = PBXVariantGroup;
			children = (
				BD4E4EF524FC1438001AC98C /* Base */,
			);
			name = Main.storyboard;
			sourceTree = "<group>";
		};
		BD4E4EF924FC1439001AC98C /* LaunchScreen.storyboard */ = {
			isa = PBXVariantGroup;
			children = (
				BD4E4EFA24FC1439001AC98C /* Base */,
			);
			name = LaunchScreen.storyboard;
			sourceTree = "<group>";
		};
/* End PBXVariantGroup section */

/* Begin XCBuildConfiguration section */
		BD4E4F1324FC1439001AC98C /* Debug */ = {
			isa = XCBuildConfiguration;
			buildSettings = {
				ALWAYS_SEARCH_USER_PATHS = NO;
				CLANG_ANALYZER_NONNULL = YES;
				CLANG_ANALYZER_NUMBER_OBJECT_CONVERSION = YES_AGGRESSIVE;
				CLANG_CXX_LANGUAGE_STANDARD = "gnu++14";
				CLANG_CXX_LIBRARY = "libc++";
				CLANG_ENABLE_MODULES = YES;
				CLANG_ENABLE_OBJC_ARC = YES;
				CLANG_ENABLE_OBJC_WEAK = YES;
				CLANG_WARN_BLOCK_CAPTURE_AUTORELEASING = YES;
				CLANG_WARN_BOOL_CONVERSION = YES;
				CLANG_WARN_COMMA = YES;
				CLANG_WARN_CONSTANT_CONVERSION = YES;
				CLANG_WARN_DEPRECATED_OBJC_IMPLEMENTATIONS = YES;
				CLANG_WARN_DIRECT_OBJC_ISA_USAGE = YES_ERROR;
				CLANG_WARN_DOCUMENTATION_COMMENTS = YES;
				CLANG_WARN_EMPTY_BODY = YES;
				CLANG_WARN_ENUM_CONVERSION = YES;
				CLANG_WARN_INFINITE_RECURSION = YES;
				CLANG_WARN_INT_CONVERSION = YES;
				CLANG_WARN_NON_LITERAL_NULL_CONVERSION = YES;
				CLANG_WARN_OBJC_IMPLICIT_RETAIN_SELF = YES;
				CLANG_WARN_OBJC_LITERAL_CONVERSION = YES;
				CLANG_WARN_OBJC_ROOT_CLASS = YES_ERROR;
				CLANG_WARN_RANGE_LOOP_ANALYSIS = YES;
				CLANG_WARN_STRICT_PROTOTYPES = YES;
				CLANG_WARN_SUSPICIOUS_MOVE = YES;
				CLANG_WARN_UNGUARDED_AVAILABILITY = YES_AGGRESSIVE;
				CLANG_WARN_UNREACHABLE_CODE = YES;
				CLANG_WARN__DUPLICATE_METHOD_MATCH = YES;
				COPY_PHASE_STRIP = NO;
				DEBUG_INFORMATION_FORMAT = dwarf;
				ENABLE_STRICT_OBJC_MSGSEND = YES;
				ENABLE_TESTABILITY = YES;
				GCC_C_LANGUAGE_STANDARD = gnu11;
				GCC_DYNAMIC_NO_PIC = NO;
				GCC_NO_COMMON_BLOCKS = YES;
				GCC_OPTIMIZATION_LEVEL = 0;
				GCC_PREPROCESSOR_DEFINITIONS = (
					"DEBUG=1",
					"$(inherited)",
				);
				GCC_WARN_64_TO_32_BIT_CONVERSION = YES;
				GCC_WARN_ABOUT_RETURN_TYPE = YES_ERROR;
				GCC_WARN_UNDECLARED_SELECTOR = YES;
				GCC_WARN_UNINITIALIZED_AUTOS = YES_AGGRESSIVE;
				GCC_WARN_UNUSED_FUNCTION = YES;
				GCC_WARN_UNUSED_VARIABLE = YES;
				IPHONEOS_DEPLOYMENT_TARGET = 13.6;
				MTL_ENABLE_DEBUG_INFO = INCLUDE_SOURCE;
				MTL_FAST_MATH = YES;
				ONLY_ACTIVE_ARCH = YES;
				SDKROOT = iphoneos;
				SWIFT_ACTIVE_COMPILATION_CONDITIONS = DEBUG;
				SWIFT_OPTIMIZATION_LEVEL = "-Onone";
			};
			name = Debug;
		};
		BD4E4F1424FC1439001AC98C /* Release */ = {
			isa = XCBuildConfiguration;
			buildSettings = {
				ALWAYS_SEARCH_USER_PATHS = NO;
				CLANG_ANALYZER_NONNULL = YES;
				CLANG_ANALYZER_NUMBER_OBJECT_CONVERSION = YES_AGGRESSIVE;
				CLANG_CXX_LANGUAGE_STANDARD = "gnu++14";
				CLANG_CXX_LIBRARY = "libc++";
				CLANG_ENABLE_MODULES = YES;
				CLANG_ENABLE_OBJC_ARC = YES;
				CLANG_ENABLE_OBJC_WEAK = YES;
				CLANG_WARN_BLOCK_CAPTURE_AUTORELEASING = YES;
				CLANG_WARN_BOOL_CONVERSION = YES;
				CLANG_WARN_COMMA = YES;
				CLANG_WARN_CONSTANT_CONVERSION = YES;
				CLANG_WARN_DEPRECATED_OBJC_IMPLEMENTATIONS = YES;
				CLANG_WARN_DIRECT_OBJC_ISA_USAGE = YES_ERROR;
				CLANG_WARN_DOCUMENTATION_COMMENTS = YES;
				CLANG_WARN_EMPTY_BODY = YES;
				CLANG_WARN_ENUM_CONVERSION = YES;
				CLANG_WARN_INFINITE_RECURSION = YES;
				CLANG_WARN_INT_CONVERSION = YES;
				CLANG_WARN_NON_LITERAL_NULL_CONVERSION = YES;
				CLANG_WARN_OBJC_IMPLICIT_RETAIN_SELF = YES;
				CLANG_WARN_OBJC_LITERAL_CONVERSION = YES;
				CLANG_WARN_OBJC_ROOT_CLASS = YES_ERROR;
				CLANG_WARN_RANGE_LOOP_ANALYSIS = YES;
				CLANG_WARN_STRICT_PROTOTYPES = YES;
				CLANG_WARN_SUSPICIOUS_MOVE = YES;
				CLANG_WARN_UNGUARDED_AVAILABILITY = YES_AGGRESSIVE;
				CLANG_WARN_UNREACHABLE_CODE = YES;
				CLANG_WARN__DUPLICATE_METHOD_MATCH = YES;
				COPY_PHASE_STRIP = NO;
				DEBUG_INFORMATION_FORMAT = "dwarf-with-dsym";
				ENABLE_NS_ASSERTIONS = NO;
				ENABLE_STRICT_OBJC_MSGSEND = YES;
				GCC_C_LANGUAGE_STANDARD = gnu11;
				GCC_NO_COMMON_BLOCKS = YES;
				GCC_WARN_64_TO_32_BIT_CONVERSION = YES;
				GCC_WARN_ABOUT_RETURN_TYPE = YES_ERROR;
				GCC_WARN_UNDECLARED_SELECTOR = YES;
				GCC_WARN_UNINITIALIZED_AUTOS = YES_AGGRESSIVE;
				GCC_WARN_UNUSED_FUNCTION = YES;
				GCC_WARN_UNUSED_VARIABLE = YES;
				IPHONEOS_DEPLOYMENT_TARGET = 13.6;
				MTL_ENABLE_DEBUG_INFO = NO;
				MTL_FAST_MATH = YES;
				SDKROOT = iphoneos;
				SWIFT_COMPILATION_MODE = wholemodule;
				SWIFT_OPTIMIZATION_LEVEL = "-O";
				VALIDATE_PRODUCT = YES;
			};
			name = Release;
		};
		BD4E4F1624FC1439001AC98C /* Debug */ = {
			isa = XCBuildConfiguration;
			baseConfigurationReference = DC99053AD69864760B3668AB /* Pods-flixster.debug.xcconfig */;
			buildSettings = {
				ASSETCATALOG_COMPILER_APPICON_NAME = AppIcon;
				CODE_SIGN_STYLE = Automatic;
				INFOPLIST_FILE = flixster/Info.plist;
				LD_RUNPATH_SEARCH_PATHS = (
					"$(inherited)",
					"@executable_path/Frameworks",
				);
				PRODUCT_BUNDLE_IDENTIFIER = abhaynaik.flixster;
				PRODUCT_NAME = "$(TARGET_NAME)";
				SWIFT_VERSION = 5.0;
				TARGETED_DEVICE_FAMILY = "1,2";
			};
			name = Debug;
		};
		BD4E4F1724FC1439001AC98C /* Release */ = {
			isa = XCBuildConfiguration;
			baseConfigurationReference = E51F13441F98A626B1D468D6 /* Pods-flixster.release.xcconfig */;
			buildSettings = {
				ASSETCATALOG_COMPILER_APPICON_NAME = AppIcon;
				CODE_SIGN_STYLE = Automatic;
				INFOPLIST_FILE = flixster/Info.plist;
				LD_RUNPATH_SEARCH_PATHS = (
					"$(inherited)",
					"@executable_path/Frameworks",
				);
				PRODUCT_BUNDLE_IDENTIFIER = abhaynaik.flixster;
				PRODUCT_NAME = "$(TARGET_NAME)";
				SWIFT_VERSION = 5.0;
				TARGETED_DEVICE_FAMILY = "1,2";
			};
			name = Release;
		};
		BD4E4F1924FC1439001AC98C /* Debug */ = {
			isa = XCBuildConfiguration;
			baseConfigurationReference = D401F410033B51D66D6000DC /* Pods-flixsterTests.debug.xcconfig */;
			buildSettings = {
				ALWAYS_EMBED_SWIFT_STANDARD_LIBRARIES = YES;
				BUNDLE_LOADER = "$(TEST_HOST)";
				CODE_SIGN_STYLE = Automatic;
				INFOPLIST_FILE = flixsterTests/Info.plist;
				IPHONEOS_DEPLOYMENT_TARGET = 13.6;
				LD_RUNPATH_SEARCH_PATHS = (
					"$(inherited)",
					"@executable_path/Frameworks",
					"@loader_path/Frameworks",
				);
				PRODUCT_BUNDLE_IDENTIFIER = abhaynaik.flixsterTests;
				PRODUCT_NAME = "$(TARGET_NAME)";
				SWIFT_VERSION = 5.0;
				TARGETED_DEVICE_FAMILY = "1,2";
				TEST_HOST = "$(BUILT_PRODUCTS_DIR)/flixster.app/flixster";
			};
			name = Debug;
		};
		BD4E4F1A24FC1439001AC98C /* Release */ = {
			isa = XCBuildConfiguration;
			baseConfigurationReference = 99C30B317A01885DDB1498A5 /* Pods-flixsterTests.release.xcconfig */;
			buildSettings = {
				ALWAYS_EMBED_SWIFT_STANDARD_LIBRARIES = YES;
				BUNDLE_LOADER = "$(TEST_HOST)";
				CODE_SIGN_STYLE = Automatic;
				INFOPLIST_FILE = flixsterTests/Info.plist;
				IPHONEOS_DEPLOYMENT_TARGET = 13.6;
				LD_RUNPATH_SEARCH_PATHS = (
					"$(inherited)",
					"@executable_path/Frameworks",
					"@loader_path/Frameworks",
				);
				PRODUCT_BUNDLE_IDENTIFIER = abhaynaik.flixsterTests;
				PRODUCT_NAME = "$(TARGET_NAME)";
				SWIFT_VERSION = 5.0;
				TARGETED_DEVICE_FAMILY = "1,2";
				TEST_HOST = "$(BUILT_PRODUCTS_DIR)/flixster.app/flixster";
			};
			name = Release;
		};
		BD4E4F1C24FC1439001AC98C /* Debug */ = {
			isa = XCBuildConfiguration;
			baseConfigurationReference = D770D1D0AB29144694D4055F /* Pods-flixster-flixsterUITests.debug.xcconfig */;
			buildSettings = {
				ALWAYS_EMBED_SWIFT_STANDARD_LIBRARIES = YES;
				CODE_SIGN_STYLE = Automatic;
				INFOPLIST_FILE = flixsterUITests/Info.plist;
				LD_RUNPATH_SEARCH_PATHS = (
					"$(inherited)",
					"@executable_path/Frameworks",
					"@loader_path/Frameworks",
				);
				PRODUCT_BUNDLE_IDENTIFIER = abhaynaik.flixsterUITests;
				PRODUCT_NAME = "$(TARGET_NAME)";
				SWIFT_VERSION = 5.0;
				TARGETED_DEVICE_FAMILY = "1,2";
				TEST_TARGET_NAME = flixster;
			};
			name = Debug;
		};
		BD4E4F1D24FC1439001AC98C /* Release */ = {
			isa = XCBuildConfiguration;
			baseConfigurationReference = 2ACB4AA58EA9A2D04F39100E /* Pods-flixster-flixsterUITests.release.xcconfig */;
			buildSettings = {
				ALWAYS_EMBED_SWIFT_STANDARD_LIBRARIES = YES;
				CODE_SIGN_STYLE = Automatic;
				INFOPLIST_FILE = flixsterUITests/Info.plist;
				LD_RUNPATH_SEARCH_PATHS = (
					"$(inherited)",
					"@executable_path/Frameworks",
					"@loader_path/Frameworks",
				);
				PRODUCT_BUNDLE_IDENTIFIER = abhaynaik.flixsterUITests;
				PRODUCT_NAME = "$(TARGET_NAME)";
				SWIFT_VERSION = 5.0;
				TARGETED_DEVICE_FAMILY = "1,2";
				TEST_TARGET_NAME = flixster;
			};
			name = Release;
		};
/* End XCBuildConfiguration section */

/* Begin XCConfigurationList section */
		BD4E4EE624FC1438001AC98C /* Build configuration list for PBXProject "flixster" */ = {
			isa = XCConfigurationList;
			buildConfigurations = (
				BD4E4F1324FC1439001AC98C /* Debug */,
				BD4E4F1424FC1439001AC98C /* Release */,
			);
			defaultConfigurationIsVisible = 0;
			defaultConfigurationName = Release;
		};
		BD4E4F1524FC1439001AC98C /* Build configuration list for PBXNativeTarget "flixster" */ = {
			isa = XCConfigurationList;
			buildConfigurations = (
				BD4E4F1624FC1439001AC98C /* Debug */,
				BD4E4F1724FC1439001AC98C /* Release */,
			);
			defaultConfigurationIsVisible = 0;
			defaultConfigurationName = Release;
		};
		BD4E4F1824FC1439001AC98C /* Build configuration list for PBXNativeTarget "flixsterTests" */ = {
			isa = XCConfigurationList;
			buildConfigurations = (
				BD4E4F1924FC1439001AC98C /* Debug */,
				BD4E4F1A24FC1439001AC98C /* Release */,
			);
			defaultConfigurationIsVisible = 0;
			defaultConfigurationName = Release;
		};
		BD4E4F1B24FC1439001AC98C /* Build configuration list for PBXNativeTarget "flixsterUITests" */ = {
			isa = XCConfigurationList;
			buildConfigurations = (
				BD4E4F1C24FC1439001AC98C /* Debug */,
				BD4E4F1D24FC1439001AC98C /* Release */,
			);
			defaultConfigurationIsVisible = 0;
			defaultConfigurationName = Release;
		};
/* End XCConfigurationList section */
	};
	rootObject = BD4E4EE324FC1438001AC98C /* Project object */;
}
